Microsoft Visual Studio Solution File, Format Version 12.00
# Visual Studio Version 17
VisualStudioVersion = 17.5.2.0
MinimumVisualStudioVersion = 10.0.40219.1
Project("{2150E333-8FDC-42A3-9474-1A3956D46DE8}") = "GatewayService", "GatewayService", "{0260114B-CB37-D335-5094-0F745459894B}"
EndProject
Project("{FAE04EC0-301F-11D3-BF4B-00C04F79EFBC}") = "OpcDaBridge", "GatewayService\OpcDaBridge.csproj", "{D606C994-9125-90A0-0B27-CC34C9C379B8}"
EndProject
Global
	GlobalSection(SolutionConfigurationPlatforms) = preSolution
		Debug|Any CPU = Debug|Any CPU
		Release|Any CPU = Release|Any CPU
	EndGlobalSection
	GlobalSection(ProjectConfigurationPlatforms) = postSolution
		{D606C994-9125-90A0-0B27-CC34C9C379B8}.Debug|Any CPU.ActiveCfg = Debug|Any CPU
		{D606C994-9125-90A0-0B27-CC34C9C379B8}.Debug|Any CPU.Build.0 = Debug|Any CPU
		{D606C994-9125-90A0-0B27-CC34C9C379B8}.Release|Any CPU.ActiveCfg = Release|Any CPU
		{D606C994-9125-90A0-0B27-CC34C9C379B8}.Release|Any CPU.Build.0 = Release|Any CPU
	EndGlobalSection
	GlobalSection(SolutionProperties) = preSolution
		HideSolutionNode = FALSE
	EndGlobalSection
	GlobalSection(NestedProjects) = preSolution
		{D606C994-9125-90A0-0B27-CC34C9C379B8} = {0260114B-CB37-D335-5094-0F745459894B}
	EndGlobalSection
	GlobalSection(ExtensibilityGlobals) = postSolution
		SolutionGuid = {70A99325-B82E-4213-AFEF-47B766C4380E}
	EndGlobalSection
EndGlobal
